PODS:
  - Alamofire (4.5.1)
  - IQKeyboardManager (4.0.13)
  - Kingfisher (3.2.4)
  - KYDrawerController (2.0.4)
  - LCNibBridge (1.3.3)
  - Masonry (1.0.2)
  - MJRefresh (3.1.15.1)
  - Realm (2.2.0):
    - Realm/Headers (= 2.2.0)
  - Realm/Headers (2.2.0)
  - RealmSwift (2.2.0):
    - Realm (= 2.2.0)
  - SnapKit (3.2.0)
  - SVProgressHUD (2.2.2)

DEPENDENCIES:
  - Alamofire (~> 4.5.0)
  - IQKeyboardManager (~> 4.0.0)
  - Kingfisher (~> 3.2.4)
  - KYDrawerController
  - LCNibBridge
  - Masonry (~> 1.0.1)
  - MJRefresh
  - RealmSwift (~> 2.2.0)
  - SnapKit (~> 3.2.0)
  - SVProgressHUD

SPEC CHECKSUMS:
  Alamofire: 2d95912bf4c34f164fdfc335872e8c312acaea4a
  IQKeyboardManager: 8eab4d8111418414619d1df8e4779ce5d0f8d7e2
  Kingfisher: 8d80f39da403cd9c9ee11984e1655f4d6a566cdb
  KYDrawerController: cf5839877c442132123e9d482f458821026defdf
  LCNibBridge: 258a836a14a7f3bdd3a964fd17e2150fd06369cf
  Masonry: 7c429b56da9d4ee0bbb3ed77a5ea710d6a5df39e
  MJRefresh: 5f8552bc25ca8751c010f621c1098dbdaacbccd6
  Realm: d95b8fb34c83f1e764b66d319277a62c2b6e4bf5
  RealmSwift: a4fa52d06e946a32ec746b3388374f742e6b8731
  SnapKit: 1ca44df72cfa543218d177cb8aab029d10d86ea7
  SVProgressHUD: 59b2d3dabacbd051576d21d32293ca7228dc18b0

PODFILE CHECKSUM: eef15b74ca1a478033ed0e95c9d9df631c04f3c4

COCOAPODS: 1.3.1
